
Microsoft Visual Studio Solution File, Format Version 12.00
# Visual Studio 2015
Project("{FAE04EC0-301F-11D3-BF4B-00C04F79EFBC}") = "SoundRecognition.CSharp", "SoundRecognition.CSharp.csproj", "{0C599EB6-BD7D-1825-10EB-0E551DC3AD55}"
EndProject
Global
	GlobalSection(SolutionConfigurationPlatforms) = preSolution
		Debug|Any CPU = Debug|Any CPU
		Release|Any CPU = Release|Any CPU
	EndGlobalSection
	GlobalSection(ProjectConfigurationPlatforms) = postSolution
		{0C599EB6-BD7D-1825-10EB-0E551DC3AD55}.Debug|Any CPU.ActiveCfg = Debug|Any CPU
		{0C599EB6-BD7D-1825-10EB-0E551DC3AD55}.Debug|Any CPU.Build.0 = Debug|Any CPU
		{0C599EB6-BD7D-1825-10EB-0E551DC3AD55}.Release|Any CPU.ActiveCfg = Release|Any CPU
		{0C599EB6-BD7D-1825-10EB-0E551DC3AD55}.Release|Any CPU.Build.0 = Release|Any CPU
	EndGlobalSection
	GlobalSection(SolutionProperties) = preSolution
		HideSolutionNode = FALSE
	EndGlobalSection
EndGlobal
